<Solution>
  <Project Path="DoctorAppointmentSystem.API/DoctorAppointmentSystem.API.csproj" />
  <Project Path="DoctorAppointmentSystem.client/DoctorAppointmentSystem.client.esproj">
    <Build />
    <Deploy />
  </Project>
  <Project Path="DoctorAppointmentSystem.Data/DoctorAppointmentSystem.Data.csproj" />
  <Project Path="DoctorAppointmentSystem.Domain/DoctorAppointmentSystem.Domain.csproj" />
  <Project Path="DoctorAppointmentSystem.Repositories/DoctorAppointmentSystem.Repositories.csproj" />
  <Project Path="DoctorAppointmentSystem.Server/DoctorAppointmentSystem.Server.csproj" />
</Solution>
